
Microsoft Visual Studio Solution File, Format Version 12.00
# Visual Studio Version 17
VisualStudioVersion = 17.3.32519.111
MinimumVisualStudioVersion = 10.0.40219.1
Project("{FAE04EC0-301F-11D3-BF4B-00C04F79EFBC}") = "AvaloniaBitmapInterpolationMode", "AvaloniaBitmapInterpolationMode\AvaloniaBitmapInterpolationMode.csproj", "{1DEEDC79-5924-4903-9B0D-FE11EDA1CFAB}"
EndProject
Global
	GlobalSection(SolutionConfigurationPlatforms) = preSolution
		Debug|Any CPU = Debug|Any CPU
		Release|Any CPU = Release|Any CPU
	EndGlobalSection
	GlobalSection(ProjectConfigurationPlatforms) = postSolution
		{1DEEDC79-5924-4903-9B0D-FE11EDA1CFAB}.Debug|Any CPU.ActiveCfg = Debug|Any CPU
		{1DEEDC79-5924-4903-9B0D-FE11EDA1CFAB}.Debug|Any CPU.Build.0 = Debug|Any CPU
		{1DEEDC79-5924-4903-9B0D-FE11EDA1CFAB}.Release|Any CPU.ActiveCfg = Release|Any CPU
		{1DEEDC79-5924-4903-9B0D-FE11EDA1CFAB}.Release|Any CPU.Build.0 = Release|Any CPU
	EndGlobalSection
	GlobalSection(SolutionProperties) = preSolution
		HideSolutionNode = FALSE
	EndGlobalSection
	GlobalSection(ExtensibilityGlobals) = postSolution
		SolutionGuid = {B2483171-8297-4E08-A7CB-43176E32FA73}
	EndGlobalSection
EndGlobal
